---
lockfileVersion: 1
lockfileVendor: redhat
arches:
- arch: x86_64
  packages:
  - url: https://cdn-ubi.redhat.com/content/public/ubi/dist/ubi10/10/x86_64/appstream/os/Packages/a/apr-1.7.5-3.el10.x86_64.rpm
    repoid: ubi-10-for-x86_64-appstream-rpms
    size: 130333
    checksum: sha256:fa3e93365206a18e39fcb76787f4027a7537f7d3a2e4eb28346082a46c3ac57c
    name: apr
    evr: 1.7.5-3.el10
    sourcerpm: apr-1.7.5-3.el10.src.rpm
  - url: https://cdn-ubi.redhat.com/content/public/ubi/dist/ubi10/10/x86_64/appstream/os/Packages/a/apr-util-1.6.3-23.el10_1.x86_64.rpm
    repoid: ubi-10-for-x86_64-appstream-rpms
    size: 105897
    checksum: sha256:4f5b154b4b969d98a72d70c7ee8135ee4ba872af715d0ab24d316557b258ef88
    name: apr-util
    evr: 1.6.3-23.el10_1
    sourcerpm: apr-util-1.6.3-23.el10_1.src.rpm
  - url: https://cdn-ubi.redhat.com/content/public/ubi/dist/ubi10/10/x86_64/appstream/os/Packages/h/httpd-tools-2.4.63-13.el10_2.5.x86_64.rpm
    repoid: ubi-10-for-x86_64-appstream-rpms
    size: 92332
    checksum: sha256:f02b2223102431d08e465efa0ccf06dac235c3f0d6b0ce75b0863e57d0c5e72c
    name: httpd-tools
    evr: 2.4.63-13.el10_2.5
    sourcerpm: httpd-2.4.63-13.el10_2.5.src.rpm
  source: []
  module_metadata: []
